# This file is automatically @generated by Cargo.
# It is not intended for manual editing.
version = 4

[[package]]
name = "bab"
version = "0.0.4"
source = "registry+https://github.com/rust-lang/crates.io-index"
checksum = "6e6a32d3b4f735ba5d89ea596518c7e88da4ee8a9bf38dd18102e5afaac15106"
dependencies = [
 "crossbeam-utils",
 "spin",
 "thid",
 "waitq",
]

[[package]]
name = "crossbeam-utils"
version = "0.8.21"
source = "registry+https://github.com/rust-lang/crates.io-index"
checksum = "d0a5c400df2834b80a4c3327b3aad3a4c4cd4de0629063962b03235697506a28"

[[package]]
name = "fastrand"
version = "2.3.0"
source = "registry+https://github.com/rust-lang/crates.io-index"
checksum = "37909eebbb50d72f9059c3b6d82c0463f2ff062c9e95845c43a6c9c0355411be"

[[package]]
name = "lock_api"
version = "0.4.14"
source = "registry+https://github.com/rust-lang/crates.io-index"
checksum = "224399e74b87b5f3557511d98dff8b14089b3dadafcab6bb93eab67d3aace965"
dependencies = [
 "scopeguard",
]

[[package]]
name = "mproto"
version = "0.2.2"
source = "registry+https://github.com/rust-lang/crates.io-index"
checksum = "822a7845dd561584a4bfdc9ca97586e6855342487b1b8202d7246f537afa08b4"

[[package]]
name = "pollster"
version = "0.4.0"
source = "registry+https://github.com/rust-lang/crates.io-index"
checksum = "2f3a9f18d041e6d0e102a0a46750538147e5e8992d3b4873aaafee2520b00ce3"

[[package]]
name = "probius"
version = "0.0.8"
dependencies = [
 "bab",
 "fastrand",
 "mproto",
 "pollster",
 "probius-mproto",
 "spin",
]

[[package]]
name = "probius-mproto"
version = "0.1.3"
dependencies = [
 "mproto",
]

[[package]]
name = "scopeguard"
version = "1.2.0"
source = "registry+https://github.com/rust-lang/crates.io-index"
checksum = "94143f37725109f92c262ed2cf5e59bce7498c01bcc1502d7b9afe439a4e9f49"

[[package]]
name = "spin"
version = "0.9.8"
source = "registry+https://github.com/rust-lang/crates.io-index"
checksum = "6980e8d7511241f8acf4aebddbb1ff938df5eebe98691418c4468d0b72a96a67"
dependencies = [
 "lock_api",
]

[[package]]
name = "thid"
version = "0.0.1"
source = "registry+https://github.com/rust-lang/crates.io-index"
checksum = "309033656d80914c59d7029ac985c59d0f3e84a9b58254c1732cf340be75759a"

[[package]]
name = "waitq"
version = "0.0.3"
source = "registry+https://github.com/rust-lang/crates.io-index"
checksum = "d3b65d69dd4fee3854e8d111550ef8404dd912f3204ddb228f40ccbf5aefaba0"
dependencies = [
 "spin",
 "thid",
]
